
Microsoft Visual Studio Solution File, Format Version 12.00
# Visual Studio 15
VisualStudioVersion = 15.0.27428.1
MinimumVisualStudioVersion = 10.0.40219.1
Project("{9A19103F-16F7-4668-BE54-9A1E7A4F7556}") = "Macaria.Core", "src\Macaria.Core\Macaria.Core.csproj", "{BBF69457-0055-47A3-8BF5-A557D82FC26B}"
EndProject
Project("{9A19103F-16F7-4668-BE54-9A1E7A4F7556}") = "Macaria.Infrastructure", "src\Macaria.Infrastructure\Macaria.Infrastructure.csproj", "{46AEC2DE-08E5-4128-A6AA-DBDFD6DB3E48}"
EndProject
Project("{9A19103F-16F7-4668-BE54-9A1E7A4F7556}") = "Macaria.API", "src\Macaria.API\Macaria.API.csproj", "{F5A9E809-6726-418F-BB21-BBFD3A00EE02}"
EndProject
Project("{9A19103F-16F7-4668-BE54-9A1E7A4F7556}") = "Macaria.SPA", "src\Macaria.SPA\Macaria.SPA.csproj", "{BFF787FE-AA10-47BD-AB65-5A2F68C26AC8}"
EndProject
Project("{2150E333-8FDC-42A3-9474-1A3956D46DE8}") = "test", "test", "{CDC868AF-A53E-4820-8B1E-5223D61532BF}"
EndProject
Project("{9A19103F-16F7-4668-BE54-9A1E7A4F7556}") = "IntegrationTests", "test\IntegrationTests\IntegrationTests.csproj", "{5C59A849-6FAA-44A8-8779-3F420C41640A}"
EndProject
Project("{9A19103F-16F7-4668-BE54-9A1E7A4F7556}") = "TestUtilities", "test\TestUtilities\TestUtilities.csproj", "{48A7F67D-7819-4367-A990-8CC192FF7FAB}"
EndProject
Project("{9A19103F-16F7-4668-BE54-9A1E7A4F7556}") = "UnitTests", "test\UnitTests\UnitTests.csproj", "{388C9059-F1B5-42FB-BB1D-9BCA61AAC1C2}"
EndProject
Global
	GlobalSection(SolutionConfigurationPlatforms) = preSolution
		Debug|Any CPU = Debug|Any CPU
		Release|Any CPU = Release|Any CPU
	EndGlobalSection
	GlobalSection(ProjectConfigurationPlatforms) = postSolution
		{BBF69457-0055-47A3-8BF5-A557D82FC26B}.Debug|Any CPU.ActiveCfg = Debug|Any CPU
		{BBF69457-0055-47A3-8BF5-A557D82FC26B}.Debug|Any CPU.Build.0 = Debug|Any CPU
		{BBF69457-0055-47A3-8BF5-A557D82FC26B}.Release|Any CPU.ActiveCfg = Release|Any CPU
		{BBF69457-0055-47A3-8BF5-A557D82FC26B}.Release|Any CPU.Build.0 = Release|Any CPU
		{46AEC2DE-08E5-4128-A6AA-DBDFD6DB3E48}.Debug|Any CPU.ActiveCfg = Debug|Any CPU
		{46AEC2DE-08E5-4128-A6AA-DBDFD6DB3E48}.Debug|Any CPU.Build.0 = Debug|Any CPU
		{46AEC2DE-08E5-4128-A6AA-DBDFD6DB3E48}.Release|Any CPU.ActiveCfg = Release|Any CPU
		{46AEC2DE-08E5-4128-A6AA-DBDFD6DB3E48}.Release|Any CPU.Build.0 = Release|Any CPU
		{F5A9E809-6726-418F-BB21-BBFD3A00EE02}.Debug|Any CPU.ActiveCfg = Debug|Any CPU
		{F5A9E809-6726-418F-BB21-BBFD3A00EE02}.Debug|Any CPU.Build.0 = Debug|Any CPU
		{F5A9E809-6726-418F-BB21-BBFD3A00EE02}.Release|Any CPU.ActiveCfg = Release|Any CPU
		{F5A9E809-6726-418F-BB21-BBFD3A00EE02}.Release|Any CPU.Build.0 = Release|Any CPU
		{BFF787FE-AA10-47BD-AB65-5A2F68C26AC8}.Debug|Any CPU.ActiveCfg = Debug|Any CPU
		{BFF787FE-AA10-47BD-AB65-5A2F68C26AC8}.Debug|Any CPU.Build.0 = Debug|Any CPU
		{BFF787FE-AA10-47BD-AB65-5A2F68C26AC8}.Release|Any CPU.ActiveCfg = Release|Any CPU
		{BFF787FE-AA10-47BD-AB65-5A2F68C26AC8}.Release|Any CPU.Build.0 = Release|Any CPU
		{5C59A849-6FAA-44A8-8779-3F420C41640A}.Debug|Any CPU.ActiveCfg = Debug|Any CPU
		{5C59A849-6FAA-44A8-8779-3F420C41640A}.Debug|Any CPU.Build.0 = Debug|Any CPU
		{5C59A849-6FAA-44A8-8779-3F420C41640A}.Release|Any CPU.ActiveCfg = Release|Any CPU
		{5C59A849-6FAA-44A8-8779-3F420C41640A}.Release|Any CPU.Build.0 = Release|Any CPU
		{48A7F67D-7819-4367-A990-8CC192FF7FAB}.Debug|Any CPU.ActiveCfg = Debug|Any CPU
		{48A7F67D-7819-4367-A990-8CC192FF7FAB}.Debug|Any CPU.Build.0 = Debug|Any CPU
		{48A7F67D-7819-4367-A990-8CC192FF7FAB}.Release|Any CPU.ActiveCfg = Release|Any CPU
		{48A7F67D-7819-4367-A990-8CC192FF7FAB}.Release|Any CPU.Build.0 = Release|Any CPU
		{388C9059-F1B5-42FB-BB1D-9BCA61AAC1C2}.Debug|Any CPU.ActiveCfg = Debug|Any CPU
		{388C9059-F1B5-42FB-BB1D-9BCA61AAC1C2}.Debug|Any CPU.Build.0 = Debug|Any CPU
		{388C9059-F1B5-42FB-BB1D-9BCA61AAC1C2}.Release|Any CPU.ActiveCfg = Release|Any CPU
		{388C9059-F1B5-42FB-BB1D-9BCA61AAC1C2}.Release|Any CPU.Build.0 = Release|Any CPU
	EndGlobalSection
	GlobalSection(SolutionProperties) = preSolution
		HideSolutionNode = FALSE
	EndGlobalSection
	GlobalSection(NestedProjects) = preSolution
		{5C59A849-6FAA-44A8-8779-3F420C41640A} = {CDC868AF-A53E-4820-8B1E-5223D61532BF}
		{48A7F67D-7819-4367-A990-8CC192FF7FAB} = {CDC868AF-A53E-4820-8B1E-5223D61532BF}
		{388C9059-F1B5-42FB-BB1D-9BCA61AAC1C2} = {CDC868AF-A53E-4820-8B1E-5223D61532BF}
	EndGlobalSection
	GlobalSection(ExtensibilityGlobals) = postSolution
		SolutionGuid = {D80DB4B0-7BFE-4AF3-B499-EC4FEFAC34C2}
	EndGlobalSection
EndGlobal
