
Microsoft Visual Studio Solution File, Format Version 12.00
# Visual Studio 15
VisualStudioVersion = 15.0.26124.0
MinimumVisualStudioVersion = 15.0.26124.0
Project("{2150E333-8FDC-42A3-9474-1A3956D46DE8}") = "src", "src", "{9EA25F4F-EE1E-4F40-BAE6-EE17FFF7D972}"
EndProject
Project("{FAE04EC0-301F-11D3-BF4B-00C04F79EFBC}") = "Macaria.Core", "src\Macaria.Core\Macaria.Core.csproj", "{78695D1D-C224-46EC-BEF2-72B2186BD2F3}"
EndProject
Project("{FAE04EC0-301F-11D3-BF4B-00C04F79EFBC}") = "Macaria.Infrastructure", "src\Macaria.Infrastructure\Macaria.Infrastructure.csproj", "{C68A205D-A419-422E-88A0-78F6E3490C76}"
EndProject
Project("{FAE04EC0-301F-11D3-BF4B-00C04F79EFBC}") = "Macaria.API", "src\Macaria.API\Macaria.API.csproj", "{DA4C788D-50AF-4113-BBEB-23D1E6C91F15}"
EndProject
Project("{FAE04EC0-301F-11D3-BF4B-00C04F79EFBC}") = "Macaria.SPA", "src\Macaria.SPA\Macaria.SPA.csproj", "{829DAD6B-77FC-40E9-B067-FBC1AA8A8188}"
EndProject
Project("{2150E333-8FDC-42A3-9474-1A3956D46DE8}") = "test", "test", "{A59BD822-4FAE-4BBE-ACA1-D4C9455195ED}"
EndProject
Project("{FAE04EC0-301F-11D3-BF4B-00C04F79EFBC}") = "IntegrationTests", "test\IntegrationTests\IntegrationTests.csproj", "{30088B1A-C950-4DD1-B006-303640ADD962}"
EndProject
Project("{FAE04EC0-301F-11D3-BF4B-00C04F79EFBC}") = "UnitTests", "test\UnitTests\UnitTests.csproj", "{8904BB27-6E0E-4997-A551-48AC195DB086}"
EndProject
Global
	GlobalSection(SolutionConfigurationPlatforms) = preSolution
		Debug|Any CPU = Debug|Any CPU
		Debug|x64 = Debug|x64
		Debug|x86 = Debug|x86
		Release|Any CPU = Release|Any CPU
		Release|x64 = Release|x64
		Release|x86 = Release|x86
	EndGlobalSection
	GlobalSection(SolutionProperties) = preSolution
		HideSolutionNode = FALSE
	EndGlobalSection
	GlobalSection(ProjectConfigurationPlatforms) = postSolution
		{78695D1D-C224-46EC-BEF2-72B2186BD2F3}.Debug|Any CPU.ActiveCfg = Debug|Any CPU
		{78695D1D-C224-46EC-BEF2-72B2186BD2F3}.Debug|Any CPU.Build.0 = Debug|Any CPU
		{78695D1D-C224-46EC-BEF2-72B2186BD2F3}.Debug|x64.ActiveCfg = Debug|Any CPU
		{78695D1D-C224-46EC-BEF2-72B2186BD2F3}.Debug|x64.Build.0 = Debug|Any CPU
		{78695D1D-C224-46EC-BEF2-72B2186BD2F3}.Debug|x86.ActiveCfg = Debug|Any CPU
		{78695D1D-C224-46EC-BEF2-72B2186BD2F3}.Debug|x86.Build.0 = Debug|Any CPU
		{78695D1D-C224-46EC-BEF2-72B2186BD2F3}.Release|Any CPU.ActiveCfg = Release|Any CPU
		{78695D1D-C224-46EC-BEF2-72B2186BD2F3}.Release|Any CPU.Build.0 = Release|Any CPU
		{78695D1D-C224-46EC-BEF2-72B2186BD2F3}.Release|x64.ActiveCfg = Release|Any CPU
		{78695D1D-C224-46EC-BEF2-72B2186BD2F3}.Release|x64.Build.0 = Release|Any CPU
		{78695D1D-C224-46EC-BEF2-72B2186BD2F3}.Release|x86.ActiveCfg = Release|Any CPU
		{78695D1D-C224-46EC-BEF2-72B2186BD2F3}.Release|x86.Build.0 = Release|Any CPU
		{C68A205D-A419-422E-88A0-78F6E3490C76}.Debug|Any CPU.ActiveCfg = Debug|Any CPU
		{C68A205D-A419-422E-88A0-78F6E3490C76}.Debug|Any CPU.Build.0 = Debug|Any CPU
		{C68A205D-A419-422E-88A0-78F6E3490C76}.Debug|x64.ActiveCfg = Debug|Any CPU
		{C68A205D-A419-422E-88A0-78F6E3490C76}.Debug|x64.Build.0 = Debug|Any CPU
		{C68A205D-A419-422E-88A0-78F6E3490C76}.Debug|x86.ActiveCfg = Debug|Any CPU
		{C68A205D-A419-422E-88A0-78F6E3490C76}.Debug|x86.Build.0 = Debug|Any CPU
		{C68A205D-A419-422E-88A0-78F6E3490C76}.Release|Any CPU.ActiveCfg = Release|Any CPU
		{C68A205D-A419-422E-88A0-78F6E3490C76}.Release|Any CPU.Build.0 = Release|Any CPU
		{C68A205D-A419-422E-88A0-78F6E3490C76}.Release|x64.ActiveCfg = Release|Any CPU
		{C68A205D-A419-422E-88A0-78F6E3490C76}.Release|x64.Build.0 = Release|Any CPU
		{C68A205D-A419-422E-88A0-78F6E3490C76}.Release|x86.ActiveCfg = Release|Any CPU
		{C68A205D-A419-422E-88A0-78F6E3490C76}.Release|x86.Build.0 = Release|Any CPU
		{DA4C788D-50AF-4113-BBEB-23D1E6C91F15}.Debug|Any CPU.ActiveCfg = Debug|Any CPU
		{DA4C788D-50AF-4113-BBEB-23D1E6C91F15}.Debug|Any CPU.Build.0 = Debug|Any CPU
		{DA4C788D-50AF-4113-BBEB-23D1E6C91F15}.Debug|x64.ActiveCfg = Debug|Any CPU
		{DA4C788D-50AF-4113-BBEB-23D1E6C91F15}.Debug|x64.Build.0 = Debug|Any CPU
		{DA4C788D-50AF-4113-BBEB-23D1E6C91F15}.Debug|x86.ActiveCfg = Debug|Any CPU
		{DA4C788D-50AF-4113-BBEB-23D1E6C91F15}.Debug|x86.Build.0 = Debug|Any CPU
		{DA4C788D-50AF-4113-BBEB-23D1E6C91F15}.Release|Any CPU.ActiveCfg = Release|Any CPU
		{DA4C788D-50AF-4113-BBEB-23D1E6C91F15}.Release|Any CPU.Build.0 = Release|Any CPU
		{DA4C788D-50AF-4113-BBEB-23D1E6C91F15}.Release|x64.ActiveCfg = Release|Any CPU
		{DA4C788D-50AF-4113-BBEB-23D1E6C91F15}.Release|x64.Build.0 = Release|Any CPU
		{DA4C788D-50AF-4113-BBEB-23D1E6C91F15}.Release|x86.ActiveCfg = Release|Any CPU
		{DA4C788D-50AF-4113-BBEB-23D1E6C91F15}.Release|x86.Build.0 = Release|Any CPU
		{829DAD6B-77FC-40E9-B067-FBC1AA8A8188}.Debug|Any CPU.ActiveCfg = Debug|Any CPU
		{829DAD6B-77FC-40E9-B067-FBC1AA8A8188}.Debug|Any CPU.Build.0 = Debug|Any CPU
		{829DAD6B-77FC-40E9-B067-FBC1AA8A8188}.Debug|x64.ActiveCfg = Debug|Any CPU
		{829DAD6B-77FC-40E9-B067-FBC1AA8A8188}.Debug|x64.Build.0 = Debug|Any CPU
		{829DAD6B-77FC-40E9-B067-FBC1AA8A8188}.Debug|x86.ActiveCfg = Debug|Any CPU
		{829DAD6B-77FC-40E9-B067-FBC1AA8A8188}.Debug|x86.Build.0 = Debug|Any CPU
		{829DAD6B-77FC-40E9-B067-FBC1AA8A8188}.Release|Any CPU.ActiveCfg = Release|Any CPU
		{829DAD6B-77FC-40E9-B067-FBC1AA8A8188}.Release|Any CPU.Build.0 = Release|Any CPU
		{829DAD6B-77FC-40E9-B067-FBC1AA8A8188}.Release|x64.ActiveCfg = Release|Any CPU
		{829DAD6B-77FC-40E9-B067-FBC1AA8A8188}.Release|x64.Build.0 = Release|Any CPU
		{829DAD6B-77FC-40E9-B067-FBC1AA8A8188}.Release|x86.ActiveCfg = Release|Any CPU
		{829DAD6B-77FC-40E9-B067-FBC1AA8A8188}.Release|x86.Build.0 = Release|Any CPU
		{30088B1A-C950-4DD1-B006-303640ADD962}.Debug|Any CPU.ActiveCfg = Debug|Any CPU
		{30088B1A-C950-4DD1-B006-303640ADD962}.Debug|Any CPU.Build.0 = Debug|Any CPU
		{30088B1A-C950-4DD1-B006-303640ADD962}.Debug|x64.ActiveCfg = Debug|Any CPU
		{30088B1A-C950-4DD1-B006-303640ADD962}.Debug|x64.Build.0 = Debug|Any CPU
		{30088B1A-C950-4DD1-B006-303640ADD962}.Debug|x86.ActiveCfg = Debug|Any CPU
		{30088B1A-C950-4DD1-B006-303640ADD962}.Debug|x86.Build.0 = Debug|Any CPU
		{30088B1A-C950-4DD1-B006-303640ADD962}.Release|Any CPU.ActiveCfg = Release|Any CPU
		{30088B1A-C950-4DD1-B006-303640ADD962}.Release|Any CPU.Build.0 = Release|Any CPU
		{30088B1A-C950-4DD1-B006-303640ADD962}.Release|x64.ActiveCfg = Release|Any CPU
		{30088B1A-C950-4DD1-B006-303640ADD962}.Release|x64.Build.0 = Release|Any CPU
		{30088B1A-C950-4DD1-B006-303640ADD962}.Release|x86.ActiveCfg = Release|Any CPU
		{30088B1A-C950-4DD1-B006-303640ADD962}.Release|x86.Build.0 = Release|Any CPU
		{8904BB27-6E0E-4997-A551-48AC195DB086}.Debug|Any CPU.ActiveCfg = Debug|Any CPU
		{8904BB27-6E0E-4997-A551-48AC195DB086}.Debug|Any CPU.Build.0 = Debug|Any CPU
		{8904BB27-6E0E-4997-A551-48AC195DB086}.Debug|x64.ActiveCfg = Debug|Any CPU
		{8904BB27-6E0E-4997-A551-48AC195DB086}.Debug|x64.Build.0 = Debug|Any CPU
		{8904BB27-6E0E-4997-A551-48AC195DB086}.Debug|x86.ActiveCfg = Debug|Any CPU
		{8904BB27-6E0E-4997-A551-48AC195DB086}.Debug|x86.Build.0 = Debug|Any CPU
		{8904BB27-6E0E-4997-A551-48AC195DB086}.Release|Any CPU.ActiveCfg = Release|Any CPU
		{8904BB27-6E0E-4997-A551-48AC195DB086}.Release|Any CPU.Build.0 = Release|Any CPU
		{8904BB27-6E0E-4997-A551-48AC195DB086}.Release|x64.ActiveCfg = Release|Any CPU
		{8904BB27-6E0E-4997-A551-48AC195DB086}.Release|x64.Build.0 = Release|Any CPU
		{8904BB27-6E0E-4997-A551-48AC195DB086}.Release|x86.ActiveCfg = Release|Any CPU
		{8904BB27-6E0E-4997-A551-48AC195DB086}.Release|x86.Build.0 = Release|Any CPU
	EndGlobalSection
	GlobalSection(NestedProjects) = preSolution
		{78695D1D-C224-46EC-BEF2-72B2186BD2F3} = {9EA25F4F-EE1E-4F40-BAE6-EE17FFF7D972}
		{C68A205D-A419-422E-88A0-78F6E3490C76} = {9EA25F4F-EE1E-4F40-BAE6-EE17FFF7D972}
		{DA4C788D-50AF-4113-BBEB-23D1E6C91F15} = {9EA25F4F-EE1E-4F40-BAE6-EE17FFF7D972}
		{829DAD6B-77FC-40E9-B067-FBC1AA8A8188} = {9EA25F4F-EE1E-4F40-BAE6-EE17FFF7D972}
		{30088B1A-C950-4DD1-B006-303640ADD962} = {A59BD822-4FAE-4BBE-ACA1-D4C9455195ED}
		{8904BB27-6E0E-4997-A551-48AC195DB086} = {A59BD822-4FAE-4BBE-ACA1-D4C9455195ED}
	EndGlobalSection
EndGlobal
